
Microsoft Visual Studio Solution File, Format Version 12.00
# Visual Studio Version 17
VisualStudioVersion = 17.13.35825.156 d17.13
MinimumVisualStudioVersion = 10.0.40219.1
Project("{FAE04EC0-301F-11D3-BF4B-00C04F79EFBC}") = "ADS103_BankiBalazs_A00134575_A1_Task2", "ADS103_BankiBalazs_A00134575_A1_Task2.csproj", "{19DCE92A-2AF4-44DC-9707-50A24AE1872C}"
EndProject
Global
	GlobalSection(SolutionConfigurationPlatforms) = preSolution
		Debug|Any CPU = Debug|Any CPU
		Release|Any CPU = Release|Any CPU
	EndGlobalSection
	GlobalSection(ProjectConfigurationPlatforms) = postSolution
		{19DCE92A-2AF4-44DC-9707-50A24AE1872C}.Debug|Any CPU.ActiveCfg = Debug|Any CPU
		{19DCE92A-2AF4-44DC-9707-50A24AE1872C}.Debug|Any CPU.Build.0 = Debug|Any CPU
		{19DCE92A-2AF4-44DC-9707-50A24AE1872C}.Release|Any CPU.ActiveCfg = Release|Any CPU
		{19DCE92A-2AF4-44DC-9707-50A24AE1872C}.Release|Any CPU.Build.0 = Release|Any CPU
	EndGlobalSection
	GlobalSection(SolutionProperties) = preSolution
		HideSolutionNode = FALSE
	EndGlobalSection
	GlobalSection(ExtensibilityGlobals) = postSolution
		SolutionGuid = {4E369686-324A-4260-A8D2-5C3E26DBF837}
	EndGlobalSection
EndGlobal
